
Microsoft Visual Studio Solution File, Format Version 12.00
# Visual Studio Version 17
VisualStudioVersion = 17.0.32014.148
MinimumVisualStudioVersion = 10.0.40219.1
Project("{FAE04EC0-301F-11D3-BF4B-00C04F79EFBC}") = "Enflix", "Enflix\Enflix.csproj", "{0CF89BA2-9192-4BB1-B4DA-C5A984E2372D}"
EndProject
Global
	GlobalSection(SolutionConfigurationPlatforms) = preSolution
		Debug|Any CPU = Debug|Any CPU
		Release|Any CPU = Release|Any CPU
	EndGlobalSection
	GlobalSection(ProjectConfigurationPlatforms) = postSolution
		{0CF89BA2-9192-4BB1-B4DA-C5A984E2372D}.Debug|Any CPU.ActiveCfg = Debug|Any CPU
		{0CF89BA2-9192-4BB1-B4DA-C5A984E2372D}.Debug|Any CPU.Build.0 = Debug|Any CPU
		{0CF89BA2-9192-4BB1-B4DA-C5A984E2372D}.Release|Any CPU.ActiveCfg = Release|Any CPU
		{0CF89BA2-9192-4BB1-B4DA-C5A984E2372D}.Release|Any CPU.Build.0 = Release|Any CPU
	EndGlobalSection
	GlobalSection(SolutionProperties) = preSolution
		HideSolutionNode = FALSE
	EndGlobalSection
	GlobalSection(ExtensibilityGlobals) = postSolution
		SolutionGuid = {696E5FE4-ABFA-43C3-9368-DAEC866329F3}
	EndGlobalSection
EndGlobal
